
Microsoft Visual Studio Solution File, Format Version 12.00
# Visual Studio Version 16
VisualStudioVersion = 16.0.30011.22
MinimumVisualStudioVersion = 10.0.40219.1
Project("{FAE04EC0-301F-11D3-BF4B-00C04F79EFBC}") = "BookListMVCCore31_v3", "BookListMVCCore31_v3\BookListMVCCore31_v3.csproj", "{EB80F8DD-209D-4761-8114-CBCD57B50190}"
EndProject
Project("{FAE04EC0-301F-11D3-BF4B-00C04F79EFBC}") = "BookListRazorPgsCore31_v3", "BookListRazorPgsCore31_v3\BookListRazorPgsCore31_v3.csproj", "{5A4E1324-0757-4E33-83E7-5941B72CFE59}"
EndProject
Global
	GlobalSection(SolutionConfigurationPlatforms) = preSolution
		Debug|Any CPU = Debug|Any CPU
		Release|Any CPU = Release|Any CPU
	EndGlobalSection
	GlobalSection(ProjectConfigurationPlatforms) = postSolution
		{EB80F8DD-209D-4761-8114-CBCD57B50190}.Debug|Any CPU.ActiveCfg = Debug|Any CPU
		{EB80F8DD-209D-4761-8114-CBCD57B50190}.Debug|Any CPU.Build.0 = Debug|Any CPU
		{EB80F8DD-209D-4761-8114-CBCD57B50190}.Release|Any CPU.ActiveCfg = Release|Any CPU
		{EB80F8DD-209D-4761-8114-CBCD57B50190}.Release|Any CPU.Build.0 = Release|Any CPU
		{5A4E1324-0757-4E33-83E7-5941B72CFE59}.Debug|Any CPU.ActiveCfg = Debug|Any CPU
		{5A4E1324-0757-4E33-83E7-5941B72CFE59}.Debug|Any CPU.Build.0 = Debug|Any CPU
		{5A4E1324-0757-4E33-83E7-5941B72CFE59}.Release|Any CPU.ActiveCfg = Release|Any CPU
		{5A4E1324-0757-4E33-83E7-5941B72CFE59}.Release|Any CPU.Build.0 = Release|Any CPU
	EndGlobalSection
	GlobalSection(SolutionProperties) = preSolution
		HideSolutionNode = FALSE
	EndGlobalSection
	GlobalSection(ExtensibilityGlobals) = postSolution
		SolutionGuid = {E00A305A-7CBA-43BF-98D0-69F89054C668}
	EndGlobalSection
EndGlobal
